
Microsoft Visual Studio Solution File, Format Version 12.00
# Visual Studio 15
VisualStudioVersion = 15.0.28307.779
MinimumVisualStudioVersion = 10.0.40219.1
Project("{8BC9CEB8-8B4A-11D0-8D11-00A0C91BC942}") = "CSGOHack", "CSGOHack\CSGOHack.vcxproj", "{301FC5B7-21F6-414A-AF54-E050A6C3B8F4}"
EndProject
Global
	GlobalSection(SolutionConfigurationPlatforms) = preSolution
		Debug|x64 = Debug|x64
		Debug|x86 = Debug|x86
		Release|x64 = Release|x64
		Release|x86 = Release|x86
	EndGlobalSection
	GlobalSection(ProjectConfigurationPlatforms) = postSolution
		{301FC5B7-21F6-414A-AF54-E050A6C3B8F4}.Debug|x64.ActiveCfg = Debug|x64
		{301FC5B7-21F6-414A-AF54-E050A6C3B8F4}.Debug|x64.Build.0 = Debug|x64
		{301FC5B7-21F6-414A-AF54-E050A6C3B8F4}.Debug|x86.ActiveCfg = Debug|Win32
		{301FC5B7-21F6-414A-AF54-E050A6C3B8F4}.Debug|x86.Build.0 = Debug|Win32
		{301FC5B7-21F6-414A-AF54-E050A6C3B8F4}.Release|x64.ActiveCfg = Release|x64
		{301FC5B7-21F6-414A-AF54-E050A6C3B8F4}.Release|x64.Build.0 = Release|x64
		{301FC5B7-21F6-414A-AF54-E050A6C3B8F4}.Release|x86.ActiveCfg = Release|Win32
		{301FC5B7-21F6-414A-AF54-E050A6C3B8F4}.Release|x86.Build.0 = Release|Win32
	EndGlobalSection
	GlobalSection(SolutionProperties) = preSolution
		HideSolutionNode = FALSE
	EndGlobalSection
	GlobalSection(ExtensibilityGlobals) = postSolution
		SolutionGuid = {2C3F0AC3-1E3C-4948-B3B6-1F55ADACE84C}
	EndGlobalSection
EndGlobal
